
Microsoft Visual Studio Solution File, Format Version 12.00
# Visual Studio Version 17
VisualStudioVersion = 17.14.36401.2 d17.14
MinimumVisualStudioVersion = 10.0.40219.1
Project("{8BC9CEB8-8B4A-11D0-8D11-00A0C91BC942}") = "StatusTxtGame1", "StatusTxtGame1.vcxproj", "{4BA3D8CF-35A8-4683-B28D-9AC1FB27E25C}"
EndProject
Global
	GlobalSection(SolutionConfigurationPlatforms) = preSolution
		Debug|x64 = Debug|x64
		Debug|x86 = Debug|x86
		Release|x64 = Release|x64
		Release|x86 = Release|x86
	EndGlobalSection
	GlobalSection(ProjectConfigurationPlatforms) = postSolution
		{4BA3D8CF-35A8-4683-B28D-9AC1FB27E25C}.Debug|x64.ActiveCfg = Debug|x64
		{4BA3D8CF-35A8-4683-B28D-9AC1FB27E25C}.Debug|x64.Build.0 = Debug|x64
		{4BA3D8CF-35A8-4683-B28D-9AC1FB27E25C}.Debug|x86.ActiveCfg = Debug|Win32
		{4BA3D8CF-35A8-4683-B28D-9AC1FB27E25C}.Debug|x86.Build.0 = Debug|Win32
		{4BA3D8CF-35A8-4683-B28D-9AC1FB27E25C}.Release|x64.ActiveCfg = Release|x64
		{4BA3D8CF-35A8-4683-B28D-9AC1FB27E25C}.Release|x64.Build.0 = Release|x64
		{4BA3D8CF-35A8-4683-B28D-9AC1FB27E25C}.Release|x86.ActiveCfg = Release|Win32
		{4BA3D8CF-35A8-4683-B28D-9AC1FB27E25C}.Release|x86.Build.0 = Release|Win32
	EndGlobalSection
	GlobalSection(SolutionProperties) = preSolution
		HideSolutionNode = FALSE
	EndGlobalSection
	GlobalSection(ExtensibilityGlobals) = postSolution
		SolutionGuid = {92530CC5-3541-4364-9BCE-BD5F57979124}
	EndGlobalSection
EndGlobal
